
Microsoft Visual Studio Solution File, Format Version 12.00
# Visual Studio Version 16
VisualStudioVersion = 16.0.29230.47
MinimumVisualStudioVersion = 10.0.40219.1
Project("{FAE04EC0-301F-11D3-BF4B-00C04F79EFBC}") = "dg_sm_A06", "dg_sm_A06.csproj", "{05AB9727-8083-44C7-A292-F277AF31E71C}"
EndProject
Global
	GlobalSection(SolutionConfigurationPlatforms) = preSolution
		Debug|Any CPU = Debug|Any CPU
		Release|Any CPU = Release|Any CPU
	EndGlobalSection
	GlobalSection(ProjectConfigurationPlatforms) = postSolution
		{05AB9727-8083-44C7-A292-F277AF31E71C}.Debug|Any CPU.ActiveCfg = Debug|Any CPU
		{05AB9727-8083-44C7-A292-F277AF31E71C}.Debug|Any CPU.Build.0 = Debug|Any CPU
		{05AB9727-8083-44C7-A292-F277AF31E71C}.Release|Any CPU.ActiveCfg = Release|Any CPU
		{05AB9727-8083-44C7-A292-F277AF31E71C}.Release|Any CPU.Build.0 = Release|Any CPU
	EndGlobalSection
	GlobalSection(SolutionProperties) = preSolution
		HideSolutionNode = FALSE
	EndGlobalSection
	GlobalSection(ExtensibilityGlobals) = postSolution
		SolutionGuid = {E9BF7064-2B16-44CC-BB5A-D42D7DE810BF}
	EndGlobalSection
EndGlobal
